
Microsoft Visual Studio Solution File, Format Version 12.00
# Visual Studio 14
VisualStudioVersion = 14.0.25420.1
MinimumVisualStudioVersion = 10.0.40219.1
Project("{D954291E-2A0B-460D-934E-DC6B0785DB48}") = "XamarinMeloNativeApp", "XamarinMeloNativeApp\XamarinMeloNativeApp\XamarinMeloNativeApp.shproj", "{1649B902-9179-4F46-B220-9B68AA3A6B49}"
EndProject
Project("{FAE04EC0-301F-11D3-BF4B-00C04F79EFBC}") = "XamarinMeloNativeApp.Android", "XamarinMeloNativeApp\XamarinMeloNativeApp.Android\XamarinMeloNativeApp.Android.csproj", "{B9FC9FCE-E7FC-4577-8321-7FA4340C2A8B}"
EndProject
Project("{FAE04EC0-301F-11D3-BF4B-00C04F79EFBC}") = "XamarinMeloNativeApp.iOS", "XamarinMeloNativeApp\XamarinMeloNativeApp.iOS\XamarinMeloNativeApp.iOS.csproj", "{672C9CDC-8653-4891-8BDA-B50DAC41EFCD}"
EndProject
Global
	GlobalSection(SharedMSBuildProjectFiles) = preSolution
		XamarinMeloNativeApp\XamarinMeloNativeApp\XamarinMeloNativeApp.projitems*{1649b902-9179-4f46-b220-9b68aa3a6b49}*SharedItemsImports = 13
		XamarinMeloNativeApp\XamarinMeloNativeApp\XamarinMeloNativeApp.projitems*{672c9cdc-8653-4891-8bda-b50dac41efcd}*SharedItemsImports = 4
	EndGlobalSection
	GlobalSection(SolutionConfigurationPlatforms) = preSolution
		Debug|Any CPU = Debug|Any CPU
		Debug|iPhone = Debug|iPhone
		Debug|iPhoneSimulator = Debug|iPhoneSimulator
		Release|Any CPU = Release|Any CPU
		Release|iPhone = Release|iPhone
		Release|iPhoneSimulator = Release|iPhoneSimulator
	EndGlobalSection
	GlobalSection(ProjectConfigurationPlatforms) = postSolution
		{B9FC9FCE-E7FC-4577-8321-7FA4340C2A8B}.Debug|Any CPU.ActiveCfg = Debug|Any CPU
		{B9FC9FCE-E7FC-4577-8321-7FA4340C2A8B}.Debug|Any CPU.Build.0 = Debug|Any CPU
		{B9FC9FCE-E7FC-4577-8321-7FA4340C2A8B}.Debug|Any CPU.Deploy.0 = Debug|Any CPU
		{B9FC9FCE-E7FC-4577-8321-7FA4340C2A8B}.Debug|iPhone.ActiveCfg = Debug|Any CPU
		{B9FC9FCE-E7FC-4577-8321-7FA4340C2A8B}.Debug|iPhone.Build.0 = Debug|Any CPU
		{B9FC9FCE-E7FC-4577-8321-7FA4340C2A8B}.Debug|iPhone.Deploy.0 = Debug|Any CPU
		{B9FC9FCE-E7FC-4577-8321-7FA4340C2A8B}.Debug|iPhoneSimulator.ActiveCfg = Debug|Any CPU
		{B9FC9FCE-E7FC-4577-8321-7FA4340C2A8B}.Debug|iPhoneSimulator.Build.0 = Debug|Any CPU
		{B9FC9FCE-E7FC-4577-8321-7FA4340C2A8B}.Debug|iPhoneSimulator.Deploy.0 = Debug|Any CPU
		{B9FC9FCE-E7FC-4577-8321-7FA4340C2A8B}.Release|Any CPU.ActiveCfg = Release|Any CPU
		{B9FC9FCE-E7FC-4577-8321-7FA4340C2A8B}.Release|Any CPU.Build.0 = Release|Any CPU
		{B9FC9FCE-E7FC-4577-8321-7FA4340C2A8B}.Release|Any CPU.Deploy.0 = Release|Any CPU
		{B9FC9FCE-E7FC-4577-8321-7FA4340C2A8B}.Release|iPhone.ActiveCfg = Release|Any CPU
		{B9FC9FCE-E7FC-4577-8321-7FA4340C2A8B}.Release|iPhone.Build.0 = Release|Any CPU
		{B9FC9FCE-E7FC-4577-8321-7FA4340C2A8B}.Release|iPhone.Deploy.0 = Release|Any CPU
		{B9FC9FCE-E7FC-4577-8321-7FA4340C2A8B}.Release|iPhoneSimulator.ActiveCfg = Release|Any CPU
		{B9FC9FCE-E7FC-4577-8321-7FA4340C2A8B}.Release|iPhoneSimulator.Build.0 = Release|Any CPU
		{B9FC9FCE-E7FC-4577-8321-7FA4340C2A8B}.Release|iPhoneSimulator.Deploy.0 = Release|Any CPU
		{672C9CDC-8653-4891-8BDA-B50DAC41EFCD}.Debug|Any CPU.ActiveCfg = Debug|Any CPU
		{672C9CDC-8653-4891-8BDA-B50DAC41EFCD}.Debug|Any CPU.Build.0 = Debug|Any CPU
		{672C9CDC-8653-4891-8BDA-B50DAC41EFCD}.Debug|iPhone.ActiveCfg = Debug|iPhone
		{672C9CDC-8653-4891-8BDA-B50DAC41EFCD}.Debug|iPhone.Build.0 = Debug|iPhone
		{672C9CDC-8653-4891-8BDA-B50DAC41EFCD}.Debug|iPhoneSimulator.ActiveCfg = Debug|iPhoneSimulator
		{672C9CDC-8653-4891-8BDA-B50DAC41EFCD}.Debug|iPhoneSimulator.Build.0 = Debug|iPhoneSimulator
		{672C9CDC-8653-4891-8BDA-B50DAC41EFCD}.Release|Any CPU.ActiveCfg = Release|Any CPU
		{672C9CDC-8653-4891-8BDA-B50DAC41EFCD}.Release|Any CPU.Build.0 = Release|Any CPU
		{672C9CDC-8653-4891-8BDA-B50DAC41EFCD}.Release|iPhone.ActiveCfg = Release|iPhone
		{672C9CDC-8653-4891-8BDA-B50DAC41EFCD}.Release|iPhone.Build.0 = Release|iPhone
		{672C9CDC-8653-4891-8BDA-B50DAC41EFCD}.Release|iPhoneSimulator.ActiveCfg = Release|iPhoneSimulator
		{672C9CDC-8653-4891-8BDA-B50DAC41EFCD}.Release|iPhoneSimulator.Build.0 = Release|iPhoneSimulator
	EndGlobalSection
	GlobalSection(SolutionProperties) = preSolution
		HideSolutionNode = FALSE
	EndGlobalSection
EndGlobal
